{
    "_meta": {
        "hash": {
            "sha256": "38f0490a060e5c71dfcadd3d751afd7283f8be61c730c339744b22e0160dce31"
        },
        "pipfile-spec": 6,
        "requires": {
            "python_version": "3.8"
        },
        "sources": [
            {
                "name": "pypi",
                "url": "https://pypi.python.org/simple",
                "verify_ssl": true
            }
        ]
    },
    "default": {
        "aws-lambda-powertools": {
            "hashes": [
                "sha256:17228143e87161ee77bf334d16ef63beb77b2495b94b738ccb8583c4deb62cff",
                "sha256:ee03973e4866a333da703cbead9a7f31173be372db9efb9e0d89be2c7dad6247"
            ],
            "index": "pypi",
            "version": "==1.31.1"
        },
        "aws-xray-sdk": {
            "hashes": [
                "sha256:693fa3a4c790e131fe1e20814ede415a9eeeab5c3b7c868686d3e3c696b8524d",
                "sha256:78835fc841f03e550858f18a9973eab8618f47f22d2f59edf130578fa545a867"
            ],
            "version": "==2.11.0"
        },
        "boto3": {
            "hashes": [
                "sha256:6aa2cc82008f0ec0b9534bafb8355957397f0ea05954a67af93c0c27abee9bd7",
                "sha256:722dccba749ee34ead7d8f52899ae270958959c509631338f2ca5e777fab3875"
            ],
            "index": "pypi",
            "version": "==1.26.33"
        },
        "botocore": {
            "hashes": [
                "sha256:22b6659d7c8002844db5bf8bda400d0219e8bde5722d810a47d93fea0daf3dfe",
                "sha256:303f8c3ba40b11563b0b6740af8c053d3ed187a4824e495a652ccdb593dd612e"
            ],
            "markers": "python_version >= '3.7'",
            "version": "==1.29.33"
        },
        "fastjsonschema": {
            "hashes": [
                "sha256:01e366f25d9047816fe3d288cbfc3e10541daf0af2044763f3d0ade42476da18",
                "sha256:21f918e8d9a1a4ba9c22e09574ba72267a6762d47822db9add95f6454e51cc1c"
            ],
            "version": "==2.16.2"
        },
        "jmespath": {
            "hashes": [
                "sha256:02e2e4cc71b5bcab88332eebf907519190dd9e6e82107fa7f83b1003a6252980",
                "sha256:90261b206d6defd58fdd5e85f478bf633a2901798906be2ad389150c5c60edbe"
            ],
            "markers": "python_version >= '3.7'",
            "version": "==1.0.1"
        },
        "python-dateutil": {
            "hashes": [
                "sha256:0123cacc1627ae19ddf3c27a5de5bd67ee4586fbdd6440d9748f8abb483d3e86",
                "sha256:961d03dc3453ebbc59dbdea9e4e11c5651520a876d0f4db161e8674aae935da9"
            ],
            "markers": "python_version >= '2.7' and python_version not in '3.0, 3.1, 3.2, 3.3'",
            "version": "==2.8.2"
        },
        "s3transfer": {
            "hashes": [
                "sha256:06176b74f3a15f61f1b4f25a1fc29a4429040b7647133a463da8fa5bd28d5ecd",
                "sha256:2ed07d3866f523cc561bf4a00fc5535827981b117dd7876f036b0c1aca42c947"
            ],
            "markers": "python_version >= '3.7'",
            "version": "==0.6.0"
        },
        "six": {
            "hashes": [
                "sha256:1e61c37477a1626458e36f7b1d82aa5c9b094fa4802892072e49de9c60c4c926",
                "sha256:8abb2f1d86890a2dfb989f9a77cfcfd3e47c2a354b01111771326f8aa26e0254"
            ],
            "markers": "python_version >= '2.7' and python_version not in '3.0, 3.1, 3.2, 3.3'",
            "version": "==1.16.0"
        },
        "urllib3": {
            "hashes": [
                "sha256:47cc05d99aaa09c9e72ed5809b60e7ba354e64b59c9c173ac3018642d8bb41fc",
                "sha256:c083dd0dce68dbfbe1129d5271cb90f9447dea7d52097c6e0126120c521ddea8"
            ],
            "markers": "python_version >= '2.7' and python_version not in '3.0, 3.1, 3.2, 3.3, 3.4, 3.5'",
            "version": "==1.26.13"
        },
        "wrapt": {
            "hashes": [
                "sha256:00b6d4ea20a906c0ca56d84f93065b398ab74b927a7a3dbd470f6fc503f95dc3",
                "sha256:01c205616a89d09827986bc4e859bcabd64f5a0662a7fe95e0d359424e0e071b",
                "sha256:02b41b633c6261feff8ddd8d11c711df6842aba629fdd3da10249a53211a72c4",
                "sha256:07f7a7d0f388028b2df1d916e94bbb40624c59b48ecc6cbc232546706fac74c2",
                "sha256:11871514607b15cfeb87c547a49bca19fde402f32e2b1c24a632506c0a756656",
                "sha256:1b376b3f4896e7930f1f772ac4b064ac12598d1c38d04907e696cc4d794b43d3",
                "sha256:21ac0156c4b089b330b7666db40feee30a5d52634cc4560e1905d6529a3897ff",
                "sha256:257fd78c513e0fb5cdbe058c27a0624c9884e735bbd131935fd49e9fe719d310",
                "sha256:2b39d38039a1fdad98c87279b48bc5dce2c0ca0d73483b12cb72aa9609278e8a",
                "sha256:2cf71233a0ed05ccdabe209c606fe0bac7379fdcf687f39b944420d2a09fdb57",
                "sha256:2fe803deacd09a233e4762a1adcea5db5d31e6be577a43352936179d14d90069",
                "sha256:3232822c7d98d23895ccc443bbdf57c7412c5a65996c30442ebe6ed3df335383",
                "sha256:34aa51c45f28ba7f12accd624225e2b1e5a3a45206aa191f6f9aac931d9d56fe",
                "sha256:36f582d0c6bc99d5f39cd3ac2a9062e57f3cf606ade29a0a0d6b323462f4dd87",
                "sha256:380a85cf89e0e69b7cfbe2ea9f765f004ff419f34194018a6827ac0e3edfed4d",
                "sha256:40e7bc81c9e2b2734ea4bc1aceb8a8f0ceaac7c5299bc5d69e37c44d9081d43b",
                "sha256:43ca3bbbe97af00f49efb06e352eae40434ca9d915906f77def219b88e85d907",
                "sha256:4fcc4649dc762cddacd193e6b55bc02edca674067f5f98166d7713b193932b7f",
                "sha256:5a0f54ce2c092aaf439813735584b9537cad479575a09892b8352fea5e988dc0",
                "sha256:5a9a0d155deafd9448baff28c08e150d9b24ff010e899311ddd63c45c2445e28",
                "sha256:5b02d65b9ccf0ef6c34cba6cf5bf2aab1bb2f49c6090bafeecc9cd81ad4ea1c1",
                "sha256:60db23fa423575eeb65ea430cee741acb7c26a1365d103f7b0f6ec412b893853",
                "sha256:642c2e7a804fcf18c222e1060df25fc210b9c58db7c91416fb055897fc27e8cc",
                "sha256:6a9a25751acb379b466ff6be78a315e2b439d4c94c1e99cb7266d40a537995d3",
                "sha256:6b1a564e6cb69922c7fe3a678b9f9a3c54e72b469875aa8018f18b4d1dd1adf3",
                "sha256:6d323e1554b3d22cfc03cd3243b5bb815a51f5249fdcbb86fda4bf62bab9e164",
                "sha256:6e743de5e9c3d1b7185870f480587b75b1cb604832e380d64f9504a0535912d1",
                "sha256:709fe01086a55cf79d20f741f39325018f4df051ef39fe921b1ebe780a66184c",
                "sha256:7b7c050ae976e286906dd3f26009e117eb000fb2cf3533398c5ad9ccc86867b1",
                "sha256:7d2872609603cb35ca513d7404a94d6d608fc13211563571117046c9d2bcc3d7",
                "sha256:7ef58fb89674095bfc57c4069e95d7a31cfdc0939e2a579882ac7d55aadfd2a1",
                "sha256:80bb5c256f1415f747011dc3604b59bc1f91c6e7150bd7db03b19170ee06b320",
                "sha256:81b19725065dcb43df02b37e03278c011a09e49757287dca60c5aecdd5a0b8ed",
                "sha256:833b58d5d0b7e5b9832869f039203389ac7cbf01765639c7309fd50ef619e0b1",
                "sha256:88bd7b6bd70a5b6803c1abf6bca012f7ed963e58c68d76ee20b9d751c74a3248",
                "sha256:8ad85f7f4e20964db4daadcab70b47ab05c7c1cf2a7c1e51087bfaa83831854c",
                "sha256:8c0ce1e99116d5ab21355d8ebe53d9460366704ea38ae4d9f6933188f327b456",
                "sha256:8d649d616e5c6a678b26d15ece345354f7c2286acd6db868e65fcc5ff7c24a77",
                "sha256:903500616422a40a98a5a3c4ff4ed9d0066f3b4c951fa286018ecdf0750194ef",
                "sha256:9736af4641846491aedb3c3f56b9bc5568d92b0692303b5a305301a95dfd38b1",
                "sha256:988635d122aaf2bdcef9e795435662bcd65b02f4f4c1ae37fbee7401c440b3a7",
                "sha256:9cca3c2cdadb362116235fdbd411735de4328c61425b0aa9f872fd76d02c4e86",
                "sha256:9e0fd32e0148dd5dea6af5fee42beb949098564cc23211a88d799e434255a1f4",
                "sha256:9f3e6f9e05148ff90002b884fbc2a86bd303ae847e472f44ecc06c2cd2fcdb2d",
                "sha256:a85d2b46be66a71bedde836d9e41859879cc54a2a04fad1191eb50c2066f6e9d",
                "sha256:a9a52172be0b5aae932bef82a79ec0a0ce87288c7d132946d645eba03f0ad8a8",
                "sha256:aa31fdcc33fef9eb2552cbcbfee7773d5a6792c137b359e82879c101e98584c5",
                "sha256:b014c23646a467558be7da3d6b9fa409b2c567d2110599b7cf9a0c5992b3b471",
                "sha256:b21bb4c09ffabfa0e85e3a6b623e19b80e7acd709b9f91452b8297ace2a8ab00",
                "sha256:b5901a312f4d14c59918c221323068fad0540e34324925c8475263841dbdfe68",
                "sha256:b9b7a708dd92306328117d8c4b62e2194d00c365f18eff11a9b53c6f923b01e3",
                "sha256:d1967f46ea8f2db647c786e78d8cc7e4313dbd1b0aca360592d8027b8508e24d",
                "sha256:d52a25136894c63de15a35bc0bdc5adb4b0e173b9c0d07a2be9d3ca64a332735",
                "sha256:d77c85fedff92cf788face9bfa3ebaa364448ebb1d765302e9af11bf449ca36d",
                "sha256:d79d7d5dc8a32b7093e81e97dad755127ff77bcc899e845f41bf71747af0c569",
                "sha256:dbcda74c67263139358f4d188ae5faae95c30929281bc6866d00573783c422b7",
                "sha256:ddaea91abf8b0d13443f6dac52e89051a5063c7d014710dcb4d4abb2ff811a59",
                "sha256:dee0ce50c6a2dd9056c20db781e9c1cfd33e77d2d569f5d1d9321c641bb903d5",
                "sha256:dee60e1de1898bde3b238f18340eec6148986da0455d8ba7848d50470a7a32fb",
                "sha256:e2f83e18fe2f4c9e7db597e988f72712c0c3676d337d8b101f6758107c42425b",
                "sha256:e3fb1677c720409d5f671e39bac6c9e0e422584e5f518bfd50aa4cbbea02433f",
                "sha256:ee2b1b1769f6707a8a445162ea16dddf74285c3964f605877a20e38545c3c462",
                "sha256:ee6acae74a2b91865910eef5e7de37dc6895ad96fa23603d1d27ea69df545015",
                "sha256:ef3f72c9666bba2bab70d2a8b79f2c6d2c1a42a7f7e2b0ec83bb2f9e383950af"
            ],
            "markers": "python_version >= '2.7' and python_version not in '3.0, 3.1, 3.2, 3.3, 3.4'",
            "version": "==1.14.1"
        }
    },
    "develop": {
        "attrs": {
            "hashes": [
                "sha256:29adc2665447e5191d0e7c568fde78b21f9672d344281d0c6e1ab085429b22b6",
                "sha256:86efa402f67bf2df34f51a335487cf46b1ec130d02b8d39fd248abfd30da551c"
            ],
            "markers": "python_version >= '3.5'",
            "version": "==22.1.0"
        },
        "boto3": {
            "hashes": [
                "sha256:6aa2cc82008f0ec0b9534bafb8355957397f0ea05954a67af93c0c27abee9bd7",
                "sha256:722dccba749ee34ead7d8f52899ae270958959c509631338f2ca5e777fab3875"
            ],
            "index": "pypi",
            "version": "==1.26.33"
        },
        "botocore": {
            "hashes": [
                "sha256:22b6659d7c8002844db5bf8bda400d0219e8bde5722d810a47d93fea0daf3dfe",
                "sha256:303f8c3ba40b11563b0b6740af8c053d3ed187a4824e495a652ccdb593dd612e"
            ],
            "markers": "python_version >= '3.7'",
            "version": "==1.29.33"
        },
        "certifi": {
            "hashes": [
                "sha256:35824b4c3a97115964b408844d64aa14db1cc518f6562e8d7261699d1350a9e3",
                "sha256:4ad3232f5e926d6718ec31cfc1fcadfde020920e278684144551c91769c7bc18"
            ],
            "markers": "python_full_version >= '3.6.0'",
            "version": "==2022.12.7"
        },
        "charset-normalizer": {
            "hashes": [
                "sha256:5a3d016c7c547f69d6f81fb0db9449ce888b418b5b9952cc5e6e66843e9dd845",
                "sha256:83e9a75d1911279afd89352c68b45348559d1fc0506b054b346651b5e7fee29f"
            ],
            "markers": "python_full_version >= '3.6.0'",
            "version": "==2.1.1"
        },
        "coverage": {
            "extras": [
                "toml"
            ],
            "hashes": [
                "sha256:0a8b0e86bede874bf5da566b02194fbb12dd14ce3585cabd58452007f272ba81",
                "sha256:100546219af59d2ad82d4575de03a303eb27b75ea36ffbd1677371924d50bcbc",
                "sha256:10b6246cae61896ab4c7568e498e492cbb73a2dfa4c3af79141c43cf806f929a",
                "sha256:215f40ef86f1958a1151fa7fad2b4f2f99534c4e10a34a1e065eba3f19ef8868",
                "sha256:2331b7bd84a1be79bd17ca8e103ce38db8cbf7cb354dc56e651ba489cf849212",
                "sha256:30220518dd89c4878908d73f5f3d1269f86e9e045354436534587a18c7b9da85",
                "sha256:32b94ad926e933976627f040f96dd1d9b0ac91f8d27e868c30a28253b9b6ac2d",
                "sha256:33efe89cd0efef016db19d8d05aa46631f76793de90a61b6717acb202b36fe60",
                "sha256:36b62f0220459e528ad5806cc7dede71aa716e067d2cb10cb4a09686b8791fba",
                "sha256:3c0deee68e0dae1d6e3fe6943c76d7e66fbeb6519bd08e4e5366bcc28a8a9aca",
                "sha256:3ec256a592b497f26054195f7d7148892aca8c4cdcc064a7cc66ef7a0455b811",
                "sha256:43ec1935c6d6caab4f3bc126d20bd709c0002a175d62208ebe745be37a826a41",
                "sha256:5885a4ceb6dde34271bb0adafa4a248a7f589c89821e9da3110c39f92f41e21b",
                "sha256:59e71912c7fc78d08a567ee65656123878f49ca1b5672e660ea70bf8dfbebf8f",
                "sha256:793dcd9d42035746fc7637df4336f7581df19d33c5c5253cf988c99d8e93a8ba",
                "sha256:8593c9baf1f0f273afa22f5b45508b76adc7b8e94e17e7d98fbe1e3cd5812af2",
                "sha256:8938f3a10f45019b502020ba9567b97b6ecc8c76b664b421705c5406d4f92fe8",
                "sha256:8dbf83a4611c591b5de65069b6fd4dd3889200ed270cd2f7f5ac765d3842889f",
                "sha256:8f1e6d9c70d45a960d3f3d781ea62b167fdf2e0e1f6bb282b96feea653adb923",
                "sha256:96b5b1f1079e48f56bfccf103bcf44d48b9eb5163f1ea523fad580f15d3fe5e0",
                "sha256:97c0b001ff15b8e8882995fc07ac0a08c8baf8b13c1145f3f12e0587bbb0e335",
                "sha256:9a175da2a7320e18fc3ee1d147639a2b3a8f037e508c96aa2da160294eb50e17",
                "sha256:9fadd15f9fcfd7b16d9cccce9f5e6ec6f9b8df860633ad9aa62c2b14c259560f",
                "sha256:a290b7921c1c05787b953e5854d394e887df40696f21381cc33c4e2179bf50ac",
                "sha256:a30b646fbdd5bc52f506e149fa4fbdef82432baf6b81774e61ec4e3b43b9cbde",
                "sha256:a6fff0f08bc5ffd0d78db821971472b4adc2ee876b86f743e46d634fb8e3c22f",
                "sha256:a7e1bb36b4e57a2d304322021b35d4e4a25fa0d501ba56e8e51efaebf4480556",
                "sha256:a8785791c2120af114ea7a06137f7778632e568a5aa2bbfc3b46c573b702af74",
                "sha256:ae088eb1cbdad8206931b1bf3f11dee644e038a9300be84d3e705e29356e5b1d",
                "sha256:b18df11efa615b79b9ecc13035a712957ff6283f7b244e57684e1c092869f541",
                "sha256:b8f7cd942dda3795fc9eadf303cc53a422ac057e3b70c2ad6d4276ec6a83a541",
                "sha256:bc904aa96105d73357de03de76336b1e3db28e2b12067d36625fd9646ab043fd",
                "sha256:bcaf18e46668057051a312c714a4548b81f7e8fb3454116ad97be7562d2a99e4",
                "sha256:bf437a04b9790d3c9cd5b48e9ce9aa84229040e3ae7d6c670a55118906113c5a",
                "sha256:c1ba6e63b831112b9484ff5905370d89e43d4316bac76d403031f60d61597466",
                "sha256:c4b63888bef2928d0eca12cbce0760cfb696acb4fe226eb55178b6a2a039328a",
                "sha256:c685fc17d6f4f1a3833e9dac27d0b931f7ccb52be6c30d269374203c7d0204a2",
                "sha256:cda63459eb20652b22e038729a8f5063862c189a3963cb042a764b753172f75e",
                "sha256:d43d406a4d73aa7f855fa44fa77ff47e739b565b2af3844600cdc016d01e46b9",
                "sha256:d564142a03d3bc8913499a458e931b52ddfe952f69b6cd4b24d810fd2959044a",
                "sha256:d6b4af31fb49a2ae8de1cd505fa66c403bfcc5066e845ac19d8904dcfc9d40da",
                "sha256:db8141856dc9be0917413df7200f53accf1d84c8b156868e6af058a1ea8e903a",
                "sha256:de06e7585abe88c6d38c1b73ce4c3cb4c1a79fbb0da0d0f8e8689ef5729ec60d",
                "sha256:e06abac1a4aec1ff989131e43ca917fc7bd296f34bf0cfe86cbf74343b21566d",
                "sha256:e645c73cbfc4577d93747d3f793115acf6f907a7eb9208fa807fdcf2da1964a4",
                "sha256:e907db8bdd0ad1253a33c20fdc5f0f6209d271114a9c6f1fcdf96617343f7ca0",
                "sha256:f2569682d6ea9628da8d6ba38579a48b1e53081226ec7a6c82b5024b3ce5009f",
                "sha256:f6a4bf5bdee93f6817797beba7086292c2ebde6df0d5822e0c33f8b05415c339",
                "sha256:f9071e197faa24837b967bc9aa0b9ef961f805a75f1ee3ea1f3367f55cd46c3c",
                "sha256:fb85b7a7a4b204bd59d6d0b0c8d87d9ffa820da225e691dfaffc3137dc05b5f6",
                "sha256:fee283cd36c3f14422d9c1b51da24ddbb5e1eed89ad2480f6a9f115df38b5df8"
            ],
            "markers": "python_version >= '3.7'",
            "version": "==7.0.0"
        },
        "exceptiongroup": {
            "hashes": [
                "sha256:542adf9dea4055530d6e1279602fa5cb11dab2395fa650b8674eaec35fc4a828",
                "sha256:bd14967b79cd9bdb54d97323216f8fdf533e278df937aa2a90089e7d6e06e5ec"
            ],
            "markers": "python_version < '3.11'",
            "version": "==1.0.4"
        },
        "idna": {
            "hashes": [
                "sha256:814f528e8dead7d329833b91c5faa87d60bf71824cd12a7530b5526063d02cb4",
                "sha256:90b77e79eaa3eba6de819a0c442c0b4ceefc341a7a2ab77d7562bf49f425c5c2"
            ],
            "markers": "python_version >= '3.5'",
            "version": "==3.4"
        },
        "iniconfig": {
            "hashes": [
                "sha256:011e24c64b7f47f6ebd835bb12a743f2fbe9a26d4cecaa7f53bc4f35ee9da8b3",
                "sha256:bc3af051d7d14b2ee5ef9969666def0cd1a000e121eaea580d4a313df4b37f32"
            ],
            "version": "==1.1.1"
        },
        "jmespath": {
            "hashes": [
                "sha256:02e2e4cc71b5bcab88332eebf907519190dd9e6e82107fa7f83b1003a6252980",
                "sha256:90261b206d6defd58fdd5e85f478bf633a2901798906be2ad389150c5c60edbe"
            ],
            "markers": "python_version >= '3.7'",
            "version": "==1.0.1"
        },
        "packaging": {
            "hashes": [
                "sha256:2198ec20bd4c017b8f9717e00f0c8714076fc2fd93816750ab48e2c41de2cfd3",
                "sha256:957e2148ba0e1a3b282772e791ef1d8083648bc131c8ab0c1feba110ce1146c3"
            ],
            "markers": "python_version >= '3.7'",
            "version": "==22.0"
        },
        "pluggy": {
            "hashes": [
                "sha256:4224373bacce55f955a878bf9cfa763c1e360858e330072059e10bad68531159",
                "sha256:74134bbf457f031a36d68416e1509f34bd5ccc019f0bcc952c7b909d06b37bd3"
            ],
            "markers": "python_full_version >= '3.6.0'",
            "version": "==1.0.0"
        },
        "pytest": {
            "hashes": [
                "sha256:892f933d339f068883b6fd5a459f03d85bfcb355e4981e146d2c7616c21fef71",
                "sha256:c4014eb40e10f11f355ad4e3c2fb2c6c6d1919c73f3b5a433de4708202cade59"
            ],
            "index": "pypi",
            "version": "==7.2.0"
        },
        "pytest-cov": {
            "hashes": [
                "sha256:2feb1b751d66a8bd934e5edfa2e961d11309dc37b73b0eabe73b5945fee20f6b",
                "sha256:996b79efde6433cdbd0088872dbc5fb3ed7fe1578b68cdbba634f14bb8dd0470"
            ],
            "index": "pypi",
            "version": "==4.0.0"
        },
        "python-dateutil": {
            "hashes": [
                "sha256:0123cacc1627ae19ddf3c27a5de5bd67ee4586fbdd6440d9748f8abb483d3e86",
                "sha256:961d03dc3453ebbc59dbdea9e4e11c5651520a876d0f4db161e8674aae935da9"
            ],
            "markers": "python_version >= '2.7' and python_version not in '3.0, 3.1, 3.2, 3.3'",
            "version": "==2.8.2"
        },
        "requests": {
            "hashes": [
                "sha256:7c5599b102feddaa661c826c56ab4fee28bfd17f5abca1ebbe3e7f19d7c97983",
                "sha256:8fefa2a1a1365bf5520aac41836fbee479da67864514bdb821f31ce07ce65349"
            ],
            "index": "pypi",
            "version": "==2.28.1"
        },
        "s3transfer": {
            "hashes": [
                "sha256:06176b74f3a15f61f1b4f25a1fc29a4429040b7647133a463da8fa5bd28d5ecd",
                "sha256:2ed07d3866f523cc561bf4a00fc5535827981b117dd7876f036b0c1aca42c947"
            ],
            "markers": "python_version >= '3.7'",
            "version": "==0.6.0"
        },
        "six": {
            "hashes": [
                "sha256:1e61c37477a1626458e36f7b1d82aa5c9b094fa4802892072e49de9c60c4c926",
                "sha256:8abb2f1d86890a2dfb989f9a77cfcfd3e47c2a354b01111771326f8aa26e0254"
            ],
            "markers": "python_version >= '2.7' and python_version not in '3.0, 3.1, 3.2, 3.3'",
            "version": "==1.16.0"
        },
        "tomli": {
            "hashes": [
                "sha256:939de3e7a6161af0c887ef91b7d41a53e7c5a1ca976325f429cb46ea9bc30ecc",
                "sha256:de526c12914f0c550d15924c62d72abc48d6fe7364aa87328337a31007fe8a4f"
            ],
            "markers": "python_version < '3.11'",
            "version": "==2.0.1"
        },
        "urllib3": {
            "hashes": [
                "sha256:47cc05d99aaa09c9e72ed5809b60e7ba354e64b59c9c173ac3018642d8bb41fc",
                "sha256:c083dd0dce68dbfbe1129d5271cb90f9447dea7d52097c6e0126120c521ddea8"
            ],
            "markers": "python_version >= '2.7' and python_version not in '3.0, 3.1, 3.2, 3.3, 3.4, 3.5'",
            "version": "==1.26.13"
        }
    }
}
